
Microsoft Visual Studio Solution File, Format Version 12.00
# Visual Studio Version 16
VisualStudioVersion = 16.0.31321.278
MinimumVisualStudioVersion = 10.0.40219.1
Project("{9A19103F-16F7-4668-BE54-9A1E7A4F7556}") = "ThePBone.WbXml2", "ThePBone.WbXml2.csproj", "{96D9CAD0-0D17-4A16-A520-7B82FAA43A26}"
EndProject
Global
	GlobalSection(SolutionConfigurationPlatforms) = preSolution
		Debug|Any CPU = Debug|Any CPU
		Release|Any CPU = Release|Any CPU
	EndGlobalSection
	GlobalSection(ProjectConfigurationPlatforms) = postSolution
		{96D9CAD0-0D17-4A16-A520-7B82FAA43A26}.Debug|Any CPU.ActiveCfg = Debug|Any CPU
		{96D9CAD0-0D17-4A16-A520-7B82FAA43A26}.Debug|Any CPU.Build.0 = Debug|Any CPU
		{96D9CAD0-0D17-4A16-A520-7B82FAA43A26}.Release|Any CPU.ActiveCfg = Release|Any CPU
		{96D9CAD0-0D17-4A16-A520-7B82FAA43A26}.Release|Any CPU.Build.0 = Release|Any CPU
	EndGlobalSection
	GlobalSection(SolutionProperties) = preSolution
		HideSolutionNode = FALSE
	EndGlobalSection
	GlobalSection(ExtensibilityGlobals) = postSolution
		SolutionGuid = {B86EBC18-78C9-474D-9059-DE3AA713FF49}
	EndGlobalSection
EndGlobal
